
Microsoft Visual Studio Solution File, Format Version 12.00
# Visual Studio Version 16
VisualStudioVersion = 16.0.33214.272
MinimumVisualStudioVersion = 10.0.40219.1
Project("{FAE04EC0-301F-11D3-BF4B-00C04F79EFBC}") = "Demo_QA_Selenium_POM_Project", "Demo_QA_Selenium_POM_Project\Demo_QA_Selenium_POM_Project.csproj", "{C8623823-0773-4B60-AA79-2D3D77630B9B}"
EndProject
Global
	GlobalSection(SolutionConfigurationPlatforms) = preSolution
		Debug|Any CPU = Debug|Any CPU
		Release|Any CPU = Release|Any CPU
	EndGlobalSection
	GlobalSection(ProjectConfigurationPlatforms) = postSolution
		{C8623823-0773-4B60-AA79-2D3D77630B9B}.Debug|Any CPU.ActiveCfg = Debug|Any CPU
		{C8623823-0773-4B60-AA79-2D3D77630B9B}.Debug|Any CPU.Build.0 = Debug|Any CPU
		{C8623823-0773-4B60-AA79-2D3D77630B9B}.Release|Any CPU.ActiveCfg = Release|Any CPU
		{C8623823-0773-4B60-AA79-2D3D77630B9B}.Release|Any CPU.Build.0 = Release|Any CPU
	EndGlobalSection
	GlobalSection(SolutionProperties) = preSolution
		HideSolutionNode = FALSE
	EndGlobalSection
	GlobalSection(ExtensibilityGlobals) = postSolution
		SolutionGuid = {445754B7-1E9E-4B52-908F-37592EE5A46E}
	EndGlobalSection
EndGlobal
